Microsoft Visual Studio Solution File, Format Version 12.00
# Visual Studio Version 17
VisualStudioVersion = 17.5.2.0
MinimumVisualStudioVersion = 10.0.40219.1
Project("{FAE04EC0-301F-11D3-BF4B-00C04F79EFBC}") = "Funcionarios", "Funcionarios.csproj", "{36A7F44B-3CBB-588B-F201-A1E9EDCCA195}"
EndProject
Global
	GlobalSection(SolutionConfigurationPlatforms) = preSolution
		Debug|Any CPU = Debug|Any CPU
		Release|Any CPU = Release|Any CPU
	EndGlobalSection
	GlobalSection(ProjectConfigurationPlatforms) = postSolution
		{36A7F44B-3CBB-588B-F201-A1E9EDCCA195}.Debug|Any CPU.ActiveCfg = Debug|Any CPU
		{36A7F44B-3CBB-588B-F201-A1E9EDCCA195}.Debug|Any CPU.Build.0 = Debug|Any CPU
		{36A7F44B-3CBB-588B-F201-A1E9EDCCA195}.Release|Any CPU.ActiveCfg = Release|Any CPU
		{36A7F44B-3CBB-588B-F201-A1E9EDCCA195}.Release|Any CPU.Build.0 = Release|Any CPU
	EndGlobalSection
	GlobalSection(SolutionProperties) = preSolution
		HideSolutionNode = FALSE
	EndGlobalSection
	GlobalSection(ExtensibilityGlobals) = postSolution
		SolutionGuid = {D009BB6E-A9AB-43FA-B815-01FBCBFED733}
	EndGlobalSection
EndGlobal
